lockfileVersion: '6.0'

settings:
  autoInstallPeers: true
  excludeLinksFromLockfile: false

dependencies:
  rehype:
    specifier: ^13.0.1
    version: 13.0.1
  unist-util-visit:
    specifier: ^5.0.0
    version: 5.0.0

packages:

  /@types/hast@3.0.4:
    resolution: {integrity: sha512-WPs+bbQw5aCj+x6laNGWLH3wviHtoCv/P3+otBhbOhJgG8qtpdAMlTCxLtsTWA7LH1Oh/bFCHsBn0TPS5m30EQ==}
    dependencies:
      '@types/unist': 3.0.3
    dev: false

  /@types/mdast@4.0.4:
    resolution: {integrity: sha512-kGaNbPh1k7AFzgpud/gMdvIm5xuECykRR+JnWKQno9TAXVa6WIVCGTPvYGekIDL4uwCZQSYbUxNBSb1aUo79oA==}
    dependencies:
      '@types/unist': 3.0.3
    dev: false

  /@types/unist@3.0.3:
    resolution: {integrity: sha512-ko/gIFJRv177XgZsZcBwnqJN5x/Gien8qNOn0D5bQU/zAzVf9Zt3BlcUiLqhV9y4ARk0GbT3tnUiPNgnTXzc/Q==}
    dev: false

  /@ungap/structured-clone@1.2.0:
    resolution: {integrity: sha512-zuVdFrMJiuCDQUMCzQaD6KL28MjnqqN8XnAqiEq9PNm/hCPTSGfrXCOfwj1ow4LFb/tNymJPwsNbVePc1xFqrQ==}
    dev: false

  /bail@2.0.2:
    resolution: {integrity: sha512-0xO6mYd7JB2YesxDKplafRpsiOzPt9V02ddPCLbY1xYGPOX24NTyN50qnUxgCPcSoYMhKpAuBTjQoRZCAkUDRw==}
    dev: false

  /ccount@2.0.1:
    resolution: {integrity: sha512-eyrF0jiFpY+3drT6383f1qhkbGsLSifNAjA61IUjZjmLCWjItY6LB9ft9YhoDgwfmclB2zhu51Lc7+95b8NRAg==}
    dev: false

  /character-entities-html4@2.1.0:
    resolution: {integrity: sha512-1v7fgQRj6hnSwFpq1Eu0ynr/CDEw0rXo2B61qXrLNdHZmPKgb7fqS1a2JwF0rISo9q77jDI8VMEHoApn8qDoZA==}
    dev: false

  /character-entities-legacy@3.0.0:
    resolution: {integrity: sha512-RpPp0asT/6ufRm//AJVwpViZbGM/MkjQFxJccQRHmISF/22NBtsHqAWmL+/pmkPWoIUJdWyeVleTl1wydHATVQ==}
    dev: false

  /comma-separated-tokens@2.0.3:
    resolution: {integrity: sha512-Fu4hJdvzeylCfQPp9SGWidpzrMs7tTrlu6Vb8XGaRGck8QSNZJJp538Wrb60Lax4fPwR64ViY468OIUTbRlGZg==}
    dev: false

  /dequal@2.0.3:
    resolution: {integrity: sha512-0je+qPKHEMohvfRTCEo3CrPG6cAzAYgmzKyxRiYSSDkS6eGJdyVJm7WaYA5ECaAD9wLB2T4EEeymA5aFVcYXCA==}
    engines: {node: '>=6'}
    dev: false

  /devlop@1.1.0:
    resolution: {integrity: sha512-RWmIqhcFf1lRYBvNmr7qTNuyCt/7/ns2jbpp1+PalgE/rDQcBT0fioSMUpJ93irlUhC5hrg4cYqe6U+0ImW0rA==}
    dependencies:
      dequal: 2.0.3
    dev: false

  /entities@4.5.0:
    resolution: {integrity: sha512-V0hjH4dGPh9Ao5p0MoRY6BVqtwCjhz6vI5LT8AJ55H+4g9/4vbHx1I54fS0XuclLhDHArPQCiMjDxjaL8fPxhw==}
    engines: {node: '>=0.12'}
    dev: false

  /extend@3.0.2:
    resolution: {integrity: sha512-fjquC59cD7CyW6urNXK0FBufkZcoiGG80wTuPujX590cB5Ttln20E2UB4S/WARVqhXffZl2LNgS+gQdPIIim/g==}
    dev: false

  /hast-util-from-html@2.0.3:
    resolution: {integrity: sha512-CUSRHXyKjzHov8yKsQjGOElXy/3EKpyX56ELnkHH34vDVw1N1XSQ1ZcAvTyAPtGqLTuKP/uxM+aLkSPqF/EtMw==}
    dependencies:
      '@types/hast': 3.0.4
      devlop: 1.1.0
      hast-util-from-parse5: 8.0.1
      parse5: 7.1.2
      vfile: 6.0.3
      vfile-message: 4.0.2
    dev: false

  /hast-util-from-parse5@8.0.1:
    resolution: {integrity: sha512-Er/Iixbc7IEa7r/XLtuG52zoqn/b3Xng/w6aZQ0xGVxzhw5xUFxcRqdPzP6yFi/4HBYRaifaI5fQ1RH8n0ZeOQ==}
    dependencies:
      '@types/hast': 3.0.4
      '@types/unist': 3.0.3
      devlop: 1.1.0
      hastscript: 8.0.0
      property-information: 6.5.0
      vfile: 6.0.3
      vfile-location: 5.0.3
      web-namespaces: 2.0.1
    dev: false

  /hast-util-parse-selector@4.0.0:
    resolution: {integrity: sha512-wkQCkSYoOGCRKERFWcxMVMOcYE2K1AaNLU8DXS9arxnLOUEWbOXKXiJUNzEpqZ3JOKpnha3jkFrumEjVliDe7A==}
    dependencies:
      '@types/hast': 3.0.4
    dev: false

  /hast-util-to-html@9.0.3:
    resolution: {integrity: sha512-M17uBDzMJ9RPCqLMO92gNNUDuBSq10a25SDBI08iCCxmorf4Yy6sYHK57n9WAbRAAaU+DuR4W6GN9K4DFZesYg==}
    dependencies:
      '@types/hast': 3.0.4
      '@types/unist': 3.0.3
      ccount: 2.0.1
      comma-separated-tokens: 2.0.3
      hast-util-whitespace: 3.0.0
      html-void-elements: 3.0.0
      mdast-util-to-hast: 13.2.0
      property-information: 6.5.0
      space-separated-tokens: 2.0.2
      stringify-entities: 4.0.4
      zwitch: 2.0.4
    dev: false

  /hast-util-whitespace@3.0.0:
    resolution: {integrity: sha512-88JUN06ipLwsnv+dVn+OIYOvAuvBMy/Qoi6O7mQHxdPXpjy+Cd6xRkWwux7DKO+4sYILtLBRIKgsdpS2gQc7qw==}
    dependencies:
      '@types/hast': 3.0.4
    dev: false

  /hastscript@8.0.0:
    resolution: {integrity: sha512-dMOtzCEd3ABUeSIISmrETiKuyydk1w0pa+gE/uormcTpSYuaNJPbX1NU3JLyscSLjwAQM8bWMhhIlnCqnRvDTw==}
    dependencies:
      '@types/hast': 3.0.4
      comma-separated-tokens: 2.0.3
      hast-util-parse-selector: 4.0.0
      property-information: 6.5.0
      space-separated-tokens: 2.0.2
    dev: false

  /html-void-elements@3.0.0:
    resolution: {integrity: sha512-bEqo66MRXsUGxWHV5IP0PUiAWwoEjba4VCzg0LjFJBpchPaTfyfCKTG6bc5F8ucKec3q5y6qOdGyYTSBEvhCrg==}
    dev: false

  /is-plain-obj@4.1.0:
    resolution: {integrity: sha512-+Pgi+vMuUNkJyExiMBt5IlFoMyKnr5zhJ4Uspz58WOhBF5QoIZkFyNHIbBAtHwzVAgk5RtndVNsDRN61/mmDqg==}
    engines: {node: '>=12'}
    dev: false

  /mdast-util-to-hast@13.2.0:
    resolution: {integrity: sha512-QGYKEuUsYT9ykKBCMOEDLsU5JRObWQusAolFMeko/tYPufNkRffBAQjIE+99jbA87xv6FgmjLtwjh9wBWajwAA==}
    dependencies:
      '@types/hast': 3.0.4
      '@types/mdast': 4.0.4
      '@ungap/structured-clone': 1.2.0
      devlop: 1.1.0
      micromark-util-sanitize-uri: 2.0.0
      trim-lines: 3.0.1
      unist-util-position: 5.0.0
      unist-util-visit: 5.0.0
      vfile: 6.0.3
    dev: false

  /micromark-util-character@2.1.0:
    resolution: {integrity: sha512-KvOVV+X1yLBfs9dCBSopq/+G1PcgT3lAK07mC4BzXi5E7ahzMAF8oIupDDJ6mievI6F+lAATkbQQlQixJfT3aQ==}
    dependencies:
      micromark-util-symbol: 2.0.0
      micromark-util-types: 2.0.0
    dev: false

  /micromark-util-encode@2.0.0:
    resolution: {integrity: sha512-pS+ROfCXAGLWCOc8egcBvT0kf27GoWMqtdarNfDcjb6YLuV5cM3ioG45Ys2qOVqeqSbjaKg72vU+Wby3eddPsA==}
    dev: false

  /micromark-util-sanitize-uri@2.0.0:
    resolution: {integrity: sha512-WhYv5UEcZrbAtlsnPuChHUAsu/iBPOVaEVsntLBIdpibO0ddy8OzavZz3iL2xVvBZOpolujSliP65Kq0/7KIYw==}
    dependencies:
      micromark-util-character: 2.1.0
      micromark-util-encode: 2.0.0
      micromark-util-symbol: 2.0.0
    dev: false

  /micromark-util-symbol@2.0.0:
    resolution: {integrity: sha512-8JZt9ElZ5kyTnO94muPxIGS8oyElRJaiJO8EzV6ZSyGQ1Is8xwl4Q45qU5UOg+bGH4AikWziz0iN4sFLWs8PGw==}
    dev: false

  /micromark-util-types@2.0.0:
    resolution: {integrity: sha512-oNh6S2WMHWRZrmutsRmDDfkzKtxF+bc2VxLC9dvtrDIRFln627VsFP6fLMgTryGDljgLPjkrzQSDcPrjPyDJ5w==}
    dev: false

  /parse5@7.1.2:
    resolution: {integrity: sha512-Czj1WaSVpaoj0wbhMzLmWD69anp2WH7FXMB9n1Sy8/ZFF9jolSQVMu1Ij5WIyGmcBmhk7EOndpO4mIpihVqAXw==}
    dependencies:
      entities: 4.5.0
    dev: false

  /property-information@6.5.0:
    resolution: {integrity: sha512-PgTgs/BlvHxOu8QuEN7wi5A0OmXaBcHpmCSTehcs6Uuu9IkDIEo13Hy7n898RHfrQ49vKCoGeWZSaAK01nwVig==}
    dev: false

  /rehype-parse@9.0.0:
    resolution: {integrity: sha512-WG7nfvmWWkCR++KEkZevZb/uw41E8TsH4DsY9UxsTbIXCVGbAs4S+r8FrQ+OtH5EEQAs+5UxKC42VinkmpA1Yw==}
    dependencies:
      '@types/hast': 3.0.4
      hast-util-from-html: 2.0.3
      unified: 11.0.5
    dev: false

  /rehype-stringify@10.0.0:
    resolution: {integrity: sha512-1TX1i048LooI9QoecrXy7nGFFbFSufxVRAfc6Y9YMRAi56l+oB0zP51mLSV312uRuvVLPV1opSlJmslozR1XHQ==}
    dependencies:
      '@types/hast': 3.0.4
      hast-util-to-html: 9.0.3
      unified: 11.0.5
    dev: false

  /rehype@13.0.1:
    resolution: {integrity: sha512-AcSLS2mItY+0fYu9xKxOu1LhUZeBZZBx8//5HKzF+0XP+eP8+6a5MXn2+DW2kfXR6Dtp1FEXMVrjyKAcvcU8vg==}
    dependencies:
      '@types/hast': 3.0.4
      rehype-parse: 9.0.0
      rehype-stringify: 10.0.0
      unified: 11.0.5
    dev: false

  /space-separated-tokens@2.0.2:
    resolution: {integrity: sha512-PEGlAwrG8yXGXRjW32fGbg66JAlOAwbObuqVoJpv/mRgoWDQfgH1wDPvtzWyUSNAXBGSk8h755YDbbcEy3SH2Q==}
    dev: false

  /stringify-entities@4.0.4:
    resolution: {integrity: sha512-IwfBptatlO+QCJUo19AqvrPNqlVMpW9YEL2LIVY+Rpv2qsjCGxaDLNRgeGsQWJhfItebuJhsGSLjaBbNSQ+ieg==}
    dependencies:
      character-entities-html4: 2.1.0
      character-entities-legacy: 3.0.0
    dev: false

  /trim-lines@3.0.1:
    resolution: {integrity: sha512-kRj8B+YHZCc9kQYdWfJB2/oUl9rA99qbowYYBtr4ui4mZyAQ2JpvVBd/6U2YloATfqBhBTSMhTpgBHtU0Mf3Rg==}
    dev: false

  /trough@2.2.0:
    resolution: {integrity: sha512-tmMpK00BjZiUyVyvrBK7knerNgmgvcV/KLVyuma/SC+TQN167GrMRciANTz09+k3zW8L8t60jWO1GpfkZdjTaw==}
    dev: false

  /unified@11.0.5:
    resolution: {integrity: sha512-xKvGhPWw3k84Qjh8bI3ZeJjqnyadK+GEFtazSfZv/rKeTkTjOJho6mFqh2SM96iIcZokxiOpg78GazTSg8+KHA==}
    dependencies:
      '@types/unist': 3.0.3
      bail: 2.0.2
      devlop: 1.1.0
      extend: 3.0.2
      is-plain-obj: 4.1.0
      trough: 2.2.0
      vfile: 6.0.3
    dev: false

  /unist-util-is@6.0.0:
    resolution: {integrity: sha512-2qCTHimwdxLfz+YzdGfkqNlH0tLi9xjTnHddPmJwtIG9MGsdbutfTc4P+haPD7l7Cjxf/WZj+we5qfVPvvxfYw==}
    dependencies:
      '@types/unist': 3.0.3
    dev: false

  /unist-util-position@5.0.0:
    resolution: {integrity: sha512-fucsC7HjXvkB5R3kTCO7kUjRdrS0BJt3M/FPxmHMBOm8JQi2BsHAHFsy27E0EolP8rp0NzXsJ+jNPyDWvOJZPA==}
    dependencies:
      '@types/unist': 3.0.3
    dev: false

  /unist-util-stringify-position@4.0.0:
    resolution: {integrity: sha512-0ASV06AAoKCDkS2+xw5RXJywruurpbC4JZSm7nr7MOt1ojAzvyyaO+UxZf18j8FCF6kmzCZKcAgN/yu2gm2XgQ==}
    dependencies:
      '@types/unist': 3.0.3
    dev: false

  /unist-util-visit-parents@6.0.1:
    resolution: {integrity: sha512-L/PqWzfTP9lzzEa6CKs0k2nARxTdZduw3zyh8d2NVBnsyvHjSX4TWse388YrrQKbvI8w20fGjGlhgT96WwKykw==}
    dependencies:
      '@types/unist': 3.0.3
      unist-util-is: 6.0.0
    dev: false

  /unist-util-visit@5.0.0:
    resolution: {integrity: sha512-MR04uvD+07cwl/yhVuVWAtw+3GOR/knlL55Nd/wAdblk27GCVt3lqpTivy/tkJcZoNPzTwS1Y+KMojlLDhoTzg==}
    dependencies:
      '@types/unist': 3.0.3
      unist-util-is: 6.0.0
      unist-util-visit-parents: 6.0.1
    dev: false

  /vfile-location@5.0.3:
    resolution: {integrity: sha512-5yXvWDEgqeiYiBe1lbxYF7UMAIm/IcopxMHrMQDq3nvKcjPKIhZklUKL+AE7J7uApI4kwe2snsK+eI6UTj9EHg==}
    dependencies:
      '@types/unist': 3.0.3
      vfile: 6.0.3
    dev: false

  /vfile-message@4.0.2:
    resolution: {integrity: sha512-jRDZ1IMLttGj41KcZvlrYAaI3CfqpLpfpf+Mfig13viT6NKvRzWZ+lXz0Y5D60w6uJIBAOGq9mSHf0gktF0duw==}
    dependencies:
      '@types/unist': 3.0.3
      unist-util-stringify-position: 4.0.0
    dev: false

  /vfile@6.0.3:
    resolution: {integrity: sha512-KzIbH/9tXat2u30jf+smMwFCsno4wHVdNmzFyL+T/L3UGqqk6JKfVqOFOZEpZSHADH1k40ab6NUIXZq422ov3Q==}
    dependencies:
      '@types/unist': 3.0.3
      vfile-message: 4.0.2
    dev: false

  /web-namespaces@2.0.1:
    resolution: {integrity: sha512-bKr1DkiNa2krS7qxNtdrtHAmzuYGFQLiQ13TsorsdT6ULTkPLKuu5+GsFpDlg6JFjUTwX2DyhMPG2be8uPrqsQ==}
    dev: false

  /zwitch@2.0.4:
    resolution: {integrity: sha512-bXE4cR/kVZhKZX/RjPEflHaKVhUVl85noU3v6b8apfQEc1x4A+zBxjZ4lN8LqGd6WZ3dl98pY4o717VFmoPp+A==}
    dev: false
